
Microsoft Visual Studio Solution File, Format Version 12.00
# Visual Studio Version 16
VisualStudioVersion = 16.0.31424.327
MinimumVisualStudioVersion = 10.0.40219.1
Project("{FAE04EC0-301F-11D3-BF4B-00C04F79EFBC}") = "Rusada", "Rusada\Rusada.csproj", "{B1331C10-E064-4E6E-B719-5CE66586D3B4}"
EndProject
Project("{FAE04EC0-301F-11D3-BF4B-00C04F79EFBC}") = "Rusada.DataLayer", "Rusada.DataLayer\Rusada.DataLayer.csproj", "{52C29634-EC43-4ED5-A9A4-78611A05D355}"
EndProject
Project("{FAE04EC0-301F-11D3-BF4B-00C04F79EFBC}") = "Rusada.ViewModelLayer", "Rusada.ViewModelLayer\Rusada.ViewModelLayer.csproj", "{6693A658-8275-46CB-8750-5FFAEEDE1D9F}"
EndProject
Global
	GlobalSection(SolutionConfigurationPlatforms) = preSolution
		Debug|Any CPU = Debug|Any CPU
		Release|Any CPU = Release|Any CPU
	EndGlobalSection
	GlobalSection(ProjectConfigurationPlatforms) = postSolution
		{B1331C10-E064-4E6E-B719-5CE66586D3B4}.Debug|Any CPU.ActiveCfg = Debug|Any CPU
		{B1331C10-E064-4E6E-B719-5CE66586D3B4}.Debug|Any CPU.Build.0 = Debug|Any CPU
		{B1331C10-E064-4E6E-B719-5CE66586D3B4}.Release|Any CPU.ActiveCfg = Release|Any CPU
		{B1331C10-E064-4E6E-B719-5CE66586D3B4}.Release|Any CPU.Build.0 = Release|Any CPU
		{52C29634-EC43-4ED5-A9A4-78611A05D355}.Debug|Any CPU.ActiveCfg = Debug|Any CPU
		{52C29634-EC43-4ED5-A9A4-78611A05D355}.Debug|Any CPU.Build.0 = Debug|Any CPU
		{52C29634-EC43-4ED5-A9A4-78611A05D355}.Release|Any CPU.ActiveCfg = Release|Any CPU
		{52C29634-EC43-4ED5-A9A4-78611A05D355}.Release|Any CPU.Build.0 = Release|Any CPU
		{6693A658-8275-46CB-8750-5FFAEEDE1D9F}.Debug|Any CPU.ActiveCfg = Debug|Any CPU
		{6693A658-8275-46CB-8750-5FFAEEDE1D9F}.Debug|Any CPU.Build.0 = Debug|Any CPU
		{6693A658-8275-46CB-8750-5FFAEEDE1D9F}.Release|Any CPU.ActiveCfg = Release|Any CPU
		{6693A658-8275-46CB-8750-5FFAEEDE1D9F}.Release|Any CPU.Build.0 = Release|Any CPU
	EndGlobalSection
	GlobalSection(SolutionProperties) = preSolution
		HideSolutionNode = FALSE
	EndGlobalSection
	GlobalSection(ExtensibilityGlobals) = postSolution
		SolutionGuid = {3F92F6D4-BDDA-4DA4-A683-08CF7C0F75F6}
	EndGlobalSection
EndGlobal
